
Microsoft Visual Studio Solution File, Format Version 12.00
# Visual Studio Version 17
VisualStudioVersion = 17.8.34330.188
MinimumVisualStudioVersion = 10.0.40219.1
Project("{FAE04EC0-301F-11D3-BF4B-00C04F79EFBC}") = "Bai4", "Bai4\Bai4.csproj", "{30311C72-95B1-4E94-A83D-A375D7732B77}"
EndProject
Global
	GlobalSection(SolutionConfigurationPlatforms) = preSolution
		Debug|Any CPU = Debug|Any CPU
		Release|Any CPU = Release|Any CPU
	EndGlobalSection
	GlobalSection(ProjectConfigurationPlatforms) = postSolution
		{30311C72-95B1-4E94-A83D-A375D7732B77}.Debug|Any CPU.ActiveCfg = Debug|Any CPU
		{30311C72-95B1-4E94-A83D-A375D7732B77}.Debug|Any CPU.Build.0 = Debug|Any CPU
		{30311C72-95B1-4E94-A83D-A375D7732B77}.Release|Any CPU.ActiveCfg = Release|Any CPU
		{30311C72-95B1-4E94-A83D-A375D7732B77}.Release|Any CPU.Build.0 = Release|Any CPU
	EndGlobalSection
	GlobalSection(SolutionProperties) = preSolution
		HideSolutionNode = FALSE
	EndGlobalSection
	GlobalSection(ExtensibilityGlobals) = postSolution
		SolutionGuid = {D083DFDB-F3B4-4AB6-BE7B-E733A445289D}
	EndGlobalSection
EndGlobal
