
Microsoft Visual Studio Solution File, Format Version 12.00
# Visual Studio Version 17
VisualStudioVersion = 17.8.34330.188
MinimumVisualStudioVersion = 10.0.40219.1
Project("{FAE04EC0-301F-11D3-BF4B-00C04F79EFBC}") = "ConsoleApp1", "ConsoleApp1\ConsoleApp1.csproj", "{84818AD3-CF86-4BFC-BEED-44B3509976FE}"
EndProject
Global
	GlobalSection(SolutionConfigurationPlatforms) = preSolution
		Debug|Any CPU = Debug|Any CPU
		Release|Any CPU = Release|Any CPU
	EndGlobalSection
	GlobalSection(ProjectConfigurationPlatforms) = postSolution
		{84818AD3-CF86-4BFC-BEED-44B3509976FE}.Debug|Any CPU.ActiveCfg = Debug|Any CPU
		{84818AD3-CF86-4BFC-BEED-44B3509976FE}.Debug|Any CPU.Build.0 = Debug|Any CPU
		{84818AD3-CF86-4BFC-BEED-44B3509976FE}.Release|Any CPU.ActiveCfg = Release|Any CPU
		{84818AD3-CF86-4BFC-BEED-44B3509976FE}.Release|Any CPU.Build.0 = Release|Any CPU
	EndGlobalSection
	GlobalSection(SolutionProperties) = preSolution
		HideSolutionNode = FALSE
	EndGlobalSection
	GlobalSection(ExtensibilityGlobals) = postSolution
		SolutionGuid = {80595171-07CA-4931-AD2E-EFF1EDA5ED48}
	EndGlobalSection
EndGlobal
